
Microsoft Visual Studio Solution File, Format Version 12.00
# Visual Studio Version 16
VisualStudioVersion = 16.0.29806.167
MinimumVisualStudioVersion = 10.0.40219.1
Project("{FAE04EC0-301F-11D3-BF4B-00C04F79EFBC}") = "Algorithms_Assessment_Task", "Algorithms_Assessment_Task\Algorithms_Assessment_Task.csproj", "{BE188CE3-1A01-488E-A545-1091820B78F6}"
EndProject
Global
	GlobalSection(SolutionConfigurationPlatforms) = preSolution
		Debug|Any CPU = Debug|Any CPU
		Release|Any CPU = Release|Any CPU
	EndGlobalSection
	GlobalSection(ProjectConfigurationPlatforms) = postSolution
		{BE188CE3-1A01-488E-A545-1091820B78F6}.Debug|Any CPU.ActiveCfg = Debug|Any CPU
		{BE188CE3-1A01-488E-A545-1091820B78F6}.Debug|Any CPU.Build.0 = Debug|Any CPU
		{BE188CE3-1A01-488E-A545-1091820B78F6}.Release|Any CPU.ActiveCfg = Release|Any CPU
		{BE188CE3-1A01-488E-A545-1091820B78F6}.Release|Any CPU.Build.0 = Release|Any CPU
	EndGlobalSection
	GlobalSection(SolutionProperties) = preSolution
		HideSolutionNode = FALSE
	EndGlobalSection
	GlobalSection(ExtensibilityGlobals) = postSolution
		SolutionGuid = {8CFE8B62-66E6-4167-978A-06A8C0244923}
	EndGlobalSection
EndGlobal
